
Microsoft Visual Studio Solution File, Format Version 12.00
# Visual Studio Version 17
VisualStudioVersion = 17.0.31903.59
MinimumVisualStudioVersion = 10.0.40219.1
Project("{2150E333-8FDC-42A3-9474-1A3956D46DE8}") = "src", "src", "{827E0CD3-B72D-47B6-A68D-7590B98EB39B}"
EndProject
Project("{FAE04EC0-301F-11D3-BF4B-00C04F79EFBC}") = "XamlFormatting.Core", "src\XamlFormatting.Core\XamlFormatting.Core.csproj", "{D0CF62F5-CDD1-4AC4-A209-DEA5BC7D3FB3}"
EndProject
Project("{FAE04EC0-301F-11D3-BF4B-00C04F79EFBC}") = "XamlFormatting.Vsix", "src\XamlFormatting.Vsix\XamlFormatting.Vsix.csproj", "{DAA781F5-AC47-4EA8-BC13-B4278A25A044}"
EndProject
Project("{2150E333-8FDC-42A3-9474-1A3956D46DE8}") = "tests", "tests", "{0AB3BF05-4346-4AA6-1389-037BE0695223}"
EndProject
Project("{FAE04EC0-301F-11D3-BF4B-00C04F79EFBC}") = "XamlFormatting.Core.Tests", "tests\XamlFormatting.Core.Tests\XamlFormatting.Core.Tests.csproj", "{00E79F64-C7E8-44AD-8B85-93867526F960}"
EndProject
Project("{FAE04EC0-301F-11D3-BF4B-00C04F79EFBC}") = "XamlFormatting.Vsix.Tests", "tests\XamlFormatting.Vsix.Tests\XamlFormatting.Vsix.Tests.csproj", "{7CE39B1C-2A9C-4201-86FE-AEE8108FF881}"
EndProject
Global
	GlobalSection(SolutionConfigurationPlatforms) = preSolution
		Debug|Any CPU = Debug|Any CPU
		Debug|x64 = Debug|x64
		Debug|x86 = Debug|x86
		Release|Any CPU = Release|Any CPU
		Release|x64 = Release|x64
		Release|x86 = Release|x86
	EndGlobalSection
	GlobalSection(ProjectConfigurationPlatforms) = postSolution
		{D0CF62F5-CDD1-4AC4-A209-DEA5BC7D3FB3}.Debug|Any CPU.ActiveCfg = Debug|Any CPU
		{D0CF62F5-CDD1-4AC4-A209-DEA5BC7D3FB3}.Debug|Any CPU.Build.0 = Debug|Any CPU
		{D0CF62F5-CDD1-4AC4-A209-DEA5BC7D3FB3}.Debug|x64.ActiveCfg = Debug|Any CPU
		{D0CF62F5-CDD1-4AC4-A209-DEA5BC7D3FB3}.Debug|x64.Build.0 = Debug|Any CPU
		{D0CF62F5-CDD1-4AC4-A209-DEA5BC7D3FB3}.Debug|x86.ActiveCfg = Debug|Any CPU
		{D0CF62F5-CDD1-4AC4-A209-DEA5BC7D3FB3}.Debug|x86.Build.0 = Debug|Any CPU
		{D0CF62F5-CDD1-4AC4-A209-DEA5BC7D3FB3}.Release|Any CPU.ActiveCfg = Release|Any CPU
		{D0CF62F5-CDD1-4AC4-A209-DEA5BC7D3FB3}.Release|Any CPU.Build.0 = Release|Any CPU
		{D0CF62F5-CDD1-4AC4-A209-DEA5BC7D3FB3}.Release|x64.ActiveCfg = Release|Any CPU
		{D0CF62F5-CDD1-4AC4-A209-DEA5BC7D3FB3}.Release|x64.Build.0 = Release|Any CPU
		{D0CF62F5-CDD1-4AC4-A209-DEA5BC7D3FB3}.Release|x86.ActiveCfg = Release|Any CPU
		{D0CF62F5-CDD1-4AC4-A209-DEA5BC7D3FB3}.Release|x86.Build.0 = Release|Any CPU
		{DAA781F5-AC47-4EA8-BC13-B4278A25A044}.Debug|Any CPU.ActiveCfg = Debug|Any CPU
		{DAA781F5-AC47-4EA8-BC13-B4278A25A044}.Debug|Any CPU.Build.0 = Debug|Any CPU
		{DAA781F5-AC47-4EA8-BC13-B4278A25A044}.Debug|Any CPU.Deploy.0 = Debug|Any CPU
		{DAA781F5-AC47-4EA8-BC13-B4278A25A044}.Debug|x64.ActiveCfg = Debug|Any CPU
		{DAA781F5-AC47-4EA8-BC13-B4278A25A044}.Debug|x64.Build.0 = Debug|Any CPU
		{DAA781F5-AC47-4EA8-BC13-B4278A25A044}.Debug|x64.Deploy.0 = Debug|Any CPU
		{DAA781F5-AC47-4EA8-BC13-B4278A25A044}.Debug|x86.ActiveCfg = Debug|Any CPU
		{DAA781F5-AC47-4EA8-BC13-B4278A25A044}.Debug|x86.Build.0 = Debug|Any CPU
		{DAA781F5-AC47-4EA8-BC13-B4278A25A044}.Debug|x86.Deploy.0 = Debug|Any CPU
		{DAA781F5-AC47-4EA8-BC13-B4278A25A044}.Release|Any CPU.ActiveCfg = Release|Any CPU
		{DAA781F5-AC47-4EA8-BC13-B4278A25A044}.Release|Any CPU.Build.0 = Release|Any CPU
		{DAA781F5-AC47-4EA8-BC13-B4278A25A044}.Release|x64.ActiveCfg = Release|Any CPU
		{DAA781F5-AC47-4EA8-BC13-B4278A25A044}.Release|x64.Build.0 = Release|Any CPU
		{DAA781F5-AC47-4EA8-BC13-B4278A25A044}.Release|x86.ActiveCfg = Release|Any CPU
		{DAA781F5-AC47-4EA8-BC13-B4278A25A044}.Release|x86.Build.0 = Release|Any CPU
		{00E79F64-C7E8-44AD-8B85-93867526F960}.Debug|Any CPU.ActiveCfg = Debug|Any CPU
		{00E79F64-C7E8-44AD-8B85-93867526F960}.Debug|Any CPU.Build.0 = Debug|Any CPU
		{00E79F64-C7E8-44AD-8B85-93867526F960}.Debug|x64.ActiveCfg = Debug|Any CPU
		{00E79F64-C7E8-44AD-8B85-93867526F960}.Debug|x64.Build.0 = Debug|Any CPU
		{00E79F64-C7E8-44AD-8B85-93867526F960}.Debug|x86.ActiveCfg = Debug|Any CPU
		{00E79F64-C7E8-44AD-8B85-93867526F960}.Debug|x86.Build.0 = Debug|Any CPU
		{00E79F64-C7E8-44AD-8B85-93867526F960}.Release|Any CPU.ActiveCfg = Release|Any CPU
		{00E79F64-C7E8-44AD-8B85-93867526F960}.Release|Any CPU.Build.0 = Release|Any CPU
		{00E79F64-C7E8-44AD-8B85-93867526F960}.Release|x64.ActiveCfg = Release|Any CPU
		{00E79F64-C7E8-44AD-8B85-93867526F960}.Release|x64.Build.0 = Release|Any CPU
		{00E79F64-C7E8-44AD-8B85-93867526F960}.Release|x86.ActiveCfg = Release|Any CPU
		{00E79F64-C7E8-44AD-8B85-93867526F960}.Release|x86.Build.0 = Release|Any CPU
		{7CE39B1C-2A9C-4201-86FE-AEE8108FF881}.Debug|Any CPU.ActiveCfg = Debug|Any CPU
		{7CE39B1C-2A9C-4201-86FE-AEE8108FF881}.Debug|Any CPU.Build.0 = Debug|Any CPU
		{7CE39B1C-2A9C-4201-86FE-AEE8108FF881}.Debug|x64.ActiveCfg = Debug|Any CPU
		{7CE39B1C-2A9C-4201-86FE-AEE8108FF881}.Debug|x64.Build.0 = Debug|Any CPU
		{7CE39B1C-2A9C-4201-86FE-AEE8108FF881}.Debug|x86.ActiveCfg = Debug|Any CPU
		{7CE39B1C-2A9C-4201-86FE-AEE8108FF881}.Debug|x86.Build.0 = Debug|Any CPU
		{7CE39B1C-2A9C-4201-86FE-AEE8108FF881}.Release|Any CPU.ActiveCfg = Release|Any CPU
		{7CE39B1C-2A9C-4201-86FE-AEE8108FF881}.Release|Any CPU.Build.0 = Release|Any CPU
		{7CE39B1C-2A9C-4201-86FE-AEE8108FF881}.Release|x64.ActiveCfg = Release|Any CPU
		{7CE39B1C-2A9C-4201-86FE-AEE8108FF881}.Release|x64.Build.0 = Release|Any CPU
		{7CE39B1C-2A9C-4201-86FE-AEE8108FF881}.Release|x86.ActiveCfg = Release|Any CPU
		{7CE39B1C-2A9C-4201-86FE-AEE8108FF881}.Release|x86.Build.0 = Release|Any CPU
	EndGlobalSection
	GlobalSection(SolutionProperties) = preSolution
		HideSolutionNode = FALSE
	EndGlobalSection
	GlobalSection(NestedProjects) = preSolution
		{D0CF62F5-CDD1-4AC4-A209-DEA5BC7D3FB3} = {827E0CD3-B72D-47B6-A68D-7590B98EB39B}
		{DAA781F5-AC47-4EA8-BC13-B4278A25A044} = {827E0CD3-B72D-47B6-A68D-7590B98EB39B}
		{00E79F64-C7E8-44AD-8B85-93867526F960} = {0AB3BF05-4346-4AA6-1389-037BE0695223}
		{7CE39B1C-2A9C-4201-86FE-AEE8108FF881} = {0AB3BF05-4346-4AA6-1389-037BE0695223}
	EndGlobalSection
EndGlobal
